# The following domains require authentication:
# - happypackages.jfrog.io
# Generated by conda-lock.
# platform: linux-64
# input_hash: c593fe2b7acfd27007462805444984f863e9e7f29161fcd26ad506d9c5abd138
@EXPLICIT
https://conda.anaconda.org/conda-forge/linux-64/_libgcc_mutex-0.1-conda_forge.tar.bz2#d7c89558ba9fa0495403155b64376d81
https://conda.anaconda.org/conda-forge/linux-64/ca-certificates-2021.10.8-ha878542_0.tar.bz2#575611b8a84f45960e87722eeb51fa26
https://conda.anaconda.org/conda-forge/linux-64/ld_impl_linux-64-2.36.1-hea4e1c9_2.tar.bz2#bd4f2e711b39af170e7ff15163fe87ee
https://conda.anaconda.org/conda-forge/linux-64/libgfortran5-11.2.0-h5c6108e_15.tar.bz2#7c2c0cd937b707aa46f3369d693a1f29
https://conda.anaconda.org/conda-forge/linux-64/libstdcxx-ng-11.2.0-he4da1e4_15.tar.bz2#4ffda9c4352880439042fbb8a9863e8c
https://conda.anaconda.org/conda-forge/noarch/tzdata-2022a-h191b570_0.tar.bz2#84be5301069417a2221187d2f435e0f7
https://conda.anaconda.org/conda-forge/linux-64/libgfortran-ng-11.2.0-h69a702a_15.tar.bz2#23b9afaf5975e1db0f59d1251425f5d5
https://conda.anaconda.org/conda-forge/linux-64/libgomp-11.2.0-h1d223b6_15.tar.bz2#5b7bff215ad9f30325dbe86dd983cb49
https://conda.anaconda.org/conda-forge/linux-64/_openmp_mutex-4.5-1_gnu.tar.bz2#561e277319a41d4f24f5c05a9ef63c04
https://conda.anaconda.org/conda-forge/linux-64/libgcc-ng-11.2.0-h1d223b6_15.tar.bz2#8041e476e66fcde71f0aa3d614e0efcf
https://conda.anaconda.org/conda-forge/linux-64/abseil-cpp-20210324.2-h9c3ff4c_0.tar.bz2#baa652d7d0da41d757a31d00b4ae2c38
https://conda.anaconda.org/conda-forge/linux-64/aws-c-common-0.6.2-h7f98852_0.tar.bz2#ce69a062b3080485b760378841240634
https://conda.anaconda.org/conda-forge/linux-64/bzip2-1.0.8-h7f98852_4.tar.bz2#a1fd65c7ccbf10880423d82bca54eb54
https://conda.anaconda.org/conda-forge/linux-64/c-ares-1.18.1-h7f98852_0.tar.bz2#f26ef8098fab1f719c91eb760d63381a
https://conda.anaconda.org/conda-forge/linux-64/gflags-2.2.2-he1b5a44_1004.tar.bz2#cddaf2c63ea4a5901cf09524c490ecdc
https://conda.anaconda.org/conda-forge/linux-64/gmp-6.2.1-h58526e2_0.tar.bz2#b94cf2db16066b242ebd26db2facbd56
https://conda.anaconda.org/conda-forge/linux-64/icu-70.1-h27087fc_0.tar.bz2#87473a15119779e021c314249d4b4aed
https://conda.anaconda.org/conda-forge/linux-64/keyutils-1.6.1-h166bdaf_0.tar.bz2#30186d27e2c9fa62b45fb1476b7200e3
https://conda.anaconda.org/conda-forge/linux-64/libbrotlicommon-1.0.9-h166bdaf_7.tar.bz2#f82dc1c78bcf73583f2656433ce2933c
https://conda.anaconda.org/conda-forge/linux-64/libcrc32c-1.1.2-h9c3ff4c_0.tar.bz2#c965a5aa0d5c1c37ffc62dff36e28400
https://conda.anaconda.org/conda-forge/linux-64/libev-4.33-h516909a_1.tar.bz2#6f8720dff19e17ce5d48cfe7f3d2f0a3
https://conda.anaconda.org/conda-forge/linux-64/libffi-3.4.2-h7f98852_5.tar.bz2#d645c6d2ac96843a2bfaccd2d62b3ac3
https://conda.anaconda.org/conda-forge/linux-64/libiconv-1.16-h516909a_0.tar.bz2#5c0f338a513a2943c659ae619fca9211
https://conda.anaconda.org/conda-forge/linux-64/libnsl-2.0.0-h7f98852_0.tar.bz2#39b1328babf85c7c3a61636d9cd50206
https://conda.anaconda.org/conda-forge/linux-64/libopenblas-0.3.20-pthreads_h78a6416_0.tar.bz2#9b6d0781953c9e353faee494336cc229
https://conda.anaconda.org/conda-forge/linux-64/libutf8proc-2.7.0-h7f98852_0.tar.bz2#913570ed14b42cf48ccbba364af20302
https://conda.anaconda.org/conda-forge/linux-64/libuuid-2.32.1-h7f98852_1000.tar.bz2#772d69f030955d9646d3d0eaf21d859d
https://conda.anaconda.org/conda-forge/linux-64/libzlib-1.2.11-h166bdaf_1014.tar.bz2#757138ba3ddc6777b82e91d9ff62e7b9
https://conda.anaconda.org/conda-forge/linux-64/lz4-c-1.9.3-h9c3ff4c_1.tar.bz2#fbe97e8fa6f275d7c76a09e795adc3e6
https://conda.anaconda.org/conda-forge/linux-64/metis-5.1.0-h58526e2_1006.tar.bz2#d099b812378b1e133c12e3b75167d83a
https://conda.anaconda.org/conda-forge/linux-64/ncurses-6.3-h27087fc_1.tar.bz2#4acfc691e64342b9dae57cf2adc63238
https://conda.anaconda.org/conda-forge/linux-64/openssl-1.1.1n-h166bdaf_0.tar.bz2#cf0ddbd911fa547e6bc4291ca5e17379
https://conda.anaconda.org/conda-forge/linux-64/re2-2022.02.01-h9c3ff4c_0.tar.bz2#faed0a1cb9c95ed71cb15b9de1bf3afa
https://conda.anaconda.org/conda-forge/linux-64/snappy-1.1.8-he1b5a44_3.tar.bz2#83f1dc295c711bdbaf97e1f3bedf2f52
https://conda.anaconda.org/conda-forge/linux-64/tbb-2021.5.0-h924138e_1.tar.bz2#6d0aabe2be9d714b1f4ce57514d05b4d
https://conda.anaconda.org/conda-forge/linux-64/xz-5.2.5-h516909a_1.tar.bz2#33f601066901f3e1a85af3522a8113f9
https://conda.anaconda.org/conda-forge/linux-64/aws-c-cal-0.5.11-h95a6274_0.tar.bz2#d4e7b241fb22dd3d7be1171f813d5da3
https://conda.anaconda.org/conda-forge/linux-64/aws-checksums-0.1.11-ha31a3da_7.tar.bz2#2fdb96aaab883abc0766ff76c0a34483
https://conda.anaconda.org/conda-forge/linux-64/glog-0.6.0-h6f12383_0.tar.bz2#b31f3565cb84435407594e548a2fb7b2
https://conda.anaconda.org/conda-forge/linux-64/glpk-4.65-h9202a9a_1004.tar.bz2#e2b206a63a520f880bb87a0a02dfb625
https://conda.anaconda.org/conda-forge/linux-64/libblas-3.9.0-14_linux64_openblas.tar.bz2#fb31fbbde682414550bbe15e3964420f
https://conda.anaconda.org/conda-forge/linux-64/libbrotlidec-1.0.9-h166bdaf_7.tar.bz2#37a460703214d0d1b421e2a47eb5e6d0
https://conda.anaconda.org/conda-forge/linux-64/libbrotlienc-1.0.9-h166bdaf_7.tar.bz2#785a9296ea478eb78c47593c4da6550f
https://conda.anaconda.org/conda-forge/linux-64/libedit-3.1.20191231-he28a2e2_2.tar.bz2#4d331e44109e3f0e19b4cb8f9b82f3e1
https://conda.anaconda.org/conda-forge/linux-64/libevent-2.1.10-h9b69904_4.tar.bz2#390026683aef81db27ff1b8570ca1336
https://conda.anaconda.org/conda-forge/linux-64/mpfr-4.1.0-h9202a9a_1.tar.bz2#ea9ebeddb066da8fad4a815e61b139be
https://conda.anaconda.org/conda-forge/linux-64/readline-8.1-h46c0cb4_0.tar.bz2#5788de3c8d7a7d64ac56c784c4ef48e6
https://conda.anaconda.org/conda-forge/linux-64/s2n-1.0.10-h9b69904_0.tar.bz2#9708c3ac26c20b4c4549cbe8fef937eb
https://conda.anaconda.org/conda-forge/linux-64/tk-8.6.12-h27826a3_0.tar.bz2#5b8c42eb62e9fc961af70bdd6a26e168
https://conda.anaconda.org/conda-forge/linux-64/zlib-1.2.11-h166bdaf_1014.tar.bz2#def3b82d1a03aa695bb38ac1dd072ff2
https://conda.anaconda.org/conda-forge/linux-64/zstd-1.5.2-ha95c52a_0.tar.bz2#5222b231b1ef49a7f60d40b363469b70
https://conda.anaconda.org/conda-forge/linux-64/aws-c-io-0.10.5-hfb6a706_0.tar.bz2#47d6b88b0c42a8c9877f3993b49f052d
https://conda.anaconda.org/conda-forge/linux-64/krb5-1.19.3-h3790be6_0.tar.bz2#7d862b05445123144bec92cb1acc8ef8
https://conda.anaconda.org/conda-forge/linux-64/libcblas-3.9.0-14_linux64_openblas.tar.bz2#1b41ea4c32014d878e84de4e5690df7a
https://conda.anaconda.org/conda-forge/linux-64/liblapack-3.9.0-14_linux64_openblas.tar.bz2#13367ebd0243a949cee7564b13c3cd42
https://conda.anaconda.org/conda-forge/linux-64/libnghttp2-1.47.0-h727a467_0.tar.bz2#a22567abfea169ff8048506b1ca9b230
https://conda.anaconda.org/conda-forge/linux-64/libprotobuf-3.19.4-h780b84a_0.tar.bz2#9ff9ab8cc887d4bdebc7c7dba641626f
https://conda.anaconda.org/conda-forge/linux-64/libssh2-1.10.0-ha56f1ee_2.tar.bz2#6ab4eaa11ff01801cffca0a27489dc04
https://conda.anaconda.org/conda-forge/linux-64/libthrift-0.16.0-h519c5ea_1.tar.bz2#f1eede77e2dab7a4392dabc746913d52
https://conda.anaconda.org/conda-forge/linux-64/libxml2-2.9.13-h22db469_0.tar.bz2#e2777ad62b2290585d189f7649898584
https://conda.anaconda.org/conda-forge/linux-64/sqlite-3.38.2-h4ff8645_0.tar.bz2#9d4b7a876d5531fdbb682ed526f8b847
https://conda.anaconda.org/conda-forge/linux-64/arpack-3.7.0-hdefa2d7_2.tar.bz2#8763fe86163198ef1778d1d8d22bb078
https://conda.anaconda.org/conda-forge/linux-64/aws-c-event-stream-0.2.7-h3541f99_13.tar.bz2#39768ba0fe69c241d54703a7f5e3119f
https://conda.anaconda.org/conda-forge/linux-64/grpc-cpp-1.43.2-h9e046d8_1.tar.bz2#d9687ebeaec84b63d1bcbfd079ebe61e
https://conda.anaconda.org/conda-forge/linux-64/libcurl-7.82.0-h7bff187_0.tar.bz2#fa26f833ca8796ad44f9561c5402013d
https://conda.anaconda.org/conda-forge/linux-64/orc-1.7.3-h1be678f_0.tar.bz2#390f40a6ceaa94b3b221599456168856
https://conda.anaconda.org/conda-forge/linux-64/python-3.10.4-h9a8a25e_0_cpython.tar.bz2#4c6ebd5ba5e606f77a58154b37d96851
https://conda.anaconda.org/conda-forge/linux-64/suitesparse-5.10.1-h9e50725_1.tar.bz2#a3a685b5f9aeb890ed874502fe56accf
https://conda.anaconda.org/conda-forge/linux-64/aws-sdk-cpp-1.8.186-hb4091e7_3.tar.bz2#3c08d9ee5cb4fe57774405a429f12351
https://conda.anaconda.org/conda-forge/linux-64/libgoogle-cloud-1.35.0-h6945097_2.tar.bz2#cd98869ef2ab424c943dcd3e1d8cd354
https://conda.anaconda.org/conda-forge/linux-64/python_abi-3.10-2_cp310.tar.bz2#9e7160cd0d865e98f6803f1fe15c8b61
https://conda.anaconda.org/conda-forge/noarch/pytz-2022.1-pyhd8ed1ab_0.tar.bz2#b87d66d6d3991d988fb31510c95a9267
https://conda.anaconda.org/conda-forge/noarch/six-1.16.0-pyh6c4a22f_0.tar.bz2#e5f25f8dbc060e9a8d912e432202afc2
https://conda.anaconda.org/conda-forge/noarch/texttable-1.6.4-pyhd8ed1ab_0.tar.bz2#dd608d276c94f82f9107995a90686133
https://conda.anaconda.org/conda-forge/linux-64/numpy-1.22.3-py310h45f3432_2.tar.bz2#d8d5a9f29ee510a5aabc811adcf62d8d
https://conda.anaconda.org/conda-forge/noarch/python-dateutil-2.8.2-pyhd8ed1ab_0.tar.bz2#dd999d1cc9f79e67dbb855c8924c7984
https://conda.anaconda.org/conda-forge/linux-64/python-igraph-0.9.10-py310h04c1b7f_1.tar.bz2#380256b0f99519c7c9253e8cc21f6a2f
https://conda.anaconda.org/conda-forge/noarch/structlog-21.5.0-pyhd8ed1ab_0.tar.bz2#6878ea32c19a7dfc709ca568ebeb5fef
https://conda.anaconda.org/conda-forge/linux-64/arrow-cpp-7.0.0-py310h68f40c4_4_cpu.tar.bz2#b8db8eb526f64e61b46a07273a1bb39b
https://conda.anaconda.org/conda-forge/linux-64/pandas-1.4.2-py310h769672d_1.tar.bz2#b25e65d00288c8165ab46d67872a74ec
https://conda.anaconda.org/conda-forge/linux-64/parquet-cpp-1.5.1-1.tar.bz2#f88f83428aa93efac1eb00980f8e15d3
https://conda.anaconda.org/conda-forge/linux-64/pyarrow-7.0.0-py310h225c066_4_cpu.tar.bz2#b3c22b3e94c4e95e8a6406de1f5446c1
https://happypackages.jfrog.io/artifactory/api/conda/mims-conda/linux-64/igraph-mims-e6d41560d8b1560b500def78e54eb274aa198623-py310_0.tar.bz2#2ffa876f3185bd4e954810e8a0c9c0c4
